
Microsoft Visual Studio Solution File, Format Version 12.00
# Visual Studio 2012
Project("{FAE04EC0-301F-11D3-BF4B-00C04F79EFBC}") = "Isima.TD.Dimensions", "Isima.TD.Dimensions\Isima.TD.Dimensions.csproj", "{345AB54A-089C-4CC1-9A28-3ED276CFCA4F}"
EndProject
Project("{FAE04EC0-301F-11D3-BF4B-00C04F79EFBC}") = "Isima.TD.RunAs", "Isima.TD.RunAs\Isima.TD.RunAs.csproj", "{607F5960-E160-4C1B-9EFF-BDAA0956715E}"
EndProject
Global
	GlobalSection(SolutionConfigurationPlatforms) = preSolution
		Debug|Any CPU = Debug|Any CPU
		Release|Any CPU = Release|Any CPU
	EndGlobalSection
	GlobalSection(ProjectConfigurationPlatforms) = postSolution
		{345AB54A-089C-4CC1-9A28-3ED276CFCA4F}.Debug|Any CPU.ActiveCfg = Debug|Any CPU
		{345AB54A-089C-4CC1-9A28-3ED276CFCA4F}.Debug|Any CPU.Build.0 = Debug|Any CPU
		{345AB54A-089C-4CC1-9A28-3ED276CFCA4F}.Release|Any CPU.ActiveCfg = Release|Any CPU
		{345AB54A-089C-4CC1-9A28-3ED276CFCA4F}.Release|Any CPU.Build.0 = Release|Any CPU
		{607F5960-E160-4C1B-9EFF-BDAA0956715E}.Debug|Any CPU.ActiveCfg = Debug|Any CPU
		{607F5960-E160-4C1B-9EFF-BDAA0956715E}.Debug|Any CPU.Build.0 = Debug|Any CPU
		{607F5960-E160-4C1B-9EFF-BDAA0956715E}.Release|Any CPU.ActiveCfg = Release|Any CPU
		{607F5960-E160-4C1B-9EFF-BDAA0956715E}.Release|Any CPU.Build.0 = Release|Any CPU
	EndGlobalSection
	GlobalSection(SolutionProperties) = preSolution
		HideSolutionNode = FALSE
	EndGlobalSection
EndGlobal
